
Microsoft Visual Studio Solution File, Format Version 12.00
# Visual Studio Version 17
VisualStudioVersion = 17.11.35208.52
MinimumVisualStudioVersion = 10.0.40219.1
Project("{FAE04EC0-301F-11D3-BF4B-00C04F79EFBC}") = "APPCliente", "APPCliente.csproj", "{5A3A0603-4645-450C-B3E7-0ED290FCCB22}"
EndProject
Global
	GlobalSection(SolutionConfigurationPlatforms) = preSolution
		Debug|Any CPU = Debug|Any CPU
		Release|Any CPU = Release|Any CPU
	EndGlobalSection
	GlobalSection(ProjectConfigurationPlatforms) = postSolution
		{5A3A0603-4645-450C-B3E7-0ED290FCCB22}.Debug|Any CPU.ActiveCfg = Debug|Any CPU
		{5A3A0603-4645-450C-B3E7-0ED290FCCB22}.Debug|Any CPU.Build.0 = Debug|Any CPU
		{5A3A0603-4645-450C-B3E7-0ED290FCCB22}.Release|Any CPU.ActiveCfg = Release|Any CPU
		{5A3A0603-4645-450C-B3E7-0ED290FCCB22}.Release|Any CPU.Build.0 = Release|Any CPU
	EndGlobalSection
	GlobalSection(SolutionProperties) = preSolution
		HideSolutionNode = FALSE
	EndGlobalSection
	GlobalSection(ExtensibilityGlobals) = postSolution
		SolutionGuid = {1EEDE86F-7B05-4F60-BBE2-DB0DEABCAD8D}
	EndGlobalSection
EndGlobal
